<?xml version="1.0" encoding="utf-8"?>
<Project ToolsVersion="4.0" xmlns="http://schemas.microsoft.com/developer/msbuild/2003">
  <ItemGroup>
    <Filter Include="Source Files">
      <UniqueIdentifier>{4FC737F1-C7A5-4376-A066-2A32D752A2FF}</UniqueIdentifier>
      <Extensions>cpp;c;cc;cxx;def;odl;idl;hpj;bat;asm;asmx</Extensions>
    </Filter>
    <Filter Include="Header Files">
      <UniqueIdentifier>{93995380-89BD-4b04-88EB-625FBE52EBFB}</UniqueIdentifier>
      <Extensions>h;hh;hpp;hxx;hm;inl;inc;ipp;xsd</Extensions>
    </Filter>
    <Filter Include="Resource Files">
      <UniqueIdentifier>{67DA6AB6-F800-4c08-8B7A-83BB121AAD01}</UniqueIdentifier>
      <Extensions>rc;ico;cur;bmp;dlg;rc2;rct;bin;rgs;gif;jpg;jpeg;jpe;resx;tiff;tif;png;wav;mfcribbon-ms</Extensions>
    </Filter>
    <Filter Include="FastNoiseSIMD">
      <UniqueIdentifier>{6f4d87b8-e397-4e08-b79a-75702d47bba5}</UniqueIdentifier>
    </Filter>
    <Filter Include="tmc">
      <UniqueIdentifier>{16c5fdf8-c52b-4987-8f71-2122c66d0e85}</UniqueIdentifier>
    </Filter>
  </ItemGroup>
  <ItemGroup>
    <ClCompile Include="..\tgl\actor.cpp">
      <Filter>Source Files</Filter>
    </ClCompile>
    <ClCompile Include="..\tgl\base.cpp">
      <Filter>Source Files</Filter>
    </ClCompile>
    <ClCompile Include="..\tgl\bounds.cpp">
      <Filter>Source Files</Filter>
    </ClCompile>
    <ClCompile Include="..\tgl\camera.cpp">
      <Filter>Source Files</Filter>
    </ClCompile>
    <ClCompile Include="..\tgl\chunk.cpp">
      <Filter>Source Files</Filter>
    </ClCompile>
    <ClCompile Include="..\tgl\component.cpp">
      <Filter>Source Files</Filter>
    </ClCompile>
    <ClCompile Include="..\tgl\game_state.cpp">
      <Filter>Source Files</Filter>
    </ClCompile>
    <ClCompile Include="..\tgl\input_handler.cpp">
      <Filter>Source Files</Filter>
    </ClCompile>
    <ClCompile Include="..\tgl\inventory.cpp">
      <Filter>Source Files</Filter>
    </ClCompile>
    <ClCompile Include="..\tgl\library_queue.cpp">
      <Filter>Source Files</Filter>
    </ClCompile>
    <ClCompile Include="..\tgl\material.cpp">
      <Filter>Source Files</Filter>
    </ClCompile>
    <ClCompile Include="..\tgl\mesh.cpp">
      <Filter>Source Files</Filter>
    </ClCompile>
    <ClCompile Include="..\tgl\mesh_vertices.cpp">
      <Filter>Source Files</Filter>
    </ClCompile>
    <ClCompile Include="..\tgl\physics_engine.cpp">
      <Filter>Source Files</Filter>
    </ClCompile>
    <ClCompile Include="..\tgl\player.cpp">
      <Filter>Source Files</Filter>
    </ClCompile>
    <ClCompile Include="..\tgl\ray_bounce.cpp">
      <Filter>Source Files</Filter>
    </ClCompile>
    <ClCompile Include="..\tgl\shader.cpp">
      <Filter>Source Files</Filter>
    </ClCompile>
    <ClCompile Include="..\tgl\texture.cpp">
      <Filter>Source Files</Filter>
    </ClCompile>
    <ClCompile Include="..\tgl\udp_interface.cpp">
      <Filter>Source Files</Filter>
    </ClCompile>
    <ClCompile Include="..\tgl\useful_structures.cpp">
      <Filter>Source Files</Filter>
    </ClCompile>
    <ClCompile Include="..\glad\glad.c">
      <Filter>Source Files</Filter>
    </ClCompile>
    <ClCompile Include="..\tgl\hud_element.cpp">
      <Filter>Source Files</Filter>
    </ClCompile>
    <ClCompile Include="..\tmc\block_generator.cpp">
      <Filter>Source Files</Filter>
    </ClCompile>
    <ClCompile Include="..\tmc\cellular.cpp">
      <Filter>Source Files</Filter>
    </ClCompile>
    <ClCompile Include="..\tmc\chunk_database.cpp">
      <Filter>Source Files</Filter>
    </ClCompile>
    <ClCompile Include="..\tmc\chunk_spawn.cpp">
      <Filter>Source Files</Filter>
    </ClCompile>
    <ClCompile Include="..\tmc\dropped_item.cpp">
      <Filter>Source Files</Filter>
    </ClCompile>
    <ClCompile Include="..\tmc\generator.cpp">
      <Filter>Source Files</Filter>
    </ClCompile>
    <ClCompile Include="..\tmc\main.cpp">
      <Filter>Source Files</Filter>
    </ClCompile>
    <ClCompile Include="..\tmc\simplex.cpp">
      <Filter>Source Files</Filter>
    </ClCompile>
    <ClCompile Include="..\tmc\white_noise.cpp">
      <Filter>Source Files</Filter>
    </ClCompile>
    <ClCompile Include="..\FastNoiseSIMD\FastNoiseSIMD.cpp">
      <Filter>FastNoiseSIMD</Filter>
    </ClCompile>
    <ClCompile Include="..\FastNoiseSIMD\FastNoiseSIMD_avx2.cpp">
      <Filter>FastNoiseSIMD</Filter>
    </ClCompile>
    <ClCompile Include="..\FastNoiseSIMD\FastNoiseSIMD_avx512.cpp">
      <Filter>FastNoiseSIMD</Filter>
    </ClCompile>
    <ClCompile Include="..\FastNoiseSIMD\FastNoiseSIMD_internal.cpp">
      <Filter>FastNoiseSIMD</Filter>
    </ClCompile>
    <ClCompile Include="..\FastNoiseSIMD\FastNoiseSIMD_neon.cpp">
      <Filter>FastNoiseSIMD</Filter>
    </ClCompile>
    <ClCompile Include="..\FastNoiseSIMD\FastNoiseSIMD_sse2.cpp">
      <Filter>FastNoiseSIMD</Filter>
    </ClCompile>
    <ClCompile Include="..\FastNoiseSIMD\FastNoiseSIMD_sse41.cpp">
      <Filter>FastNoiseSIMD</Filter>
    </ClCompile>
    <ClCompile Include="..\tmc\mc_player.cpp">
      <Filter>Source Files</Filter>
    </ClCompile>
    <ClCompile Include="..\tgl\globals.cpp">
      <Filter>Source Files</Filter>
    </ClCompile>
    <ClCompile Include="..\tmc\mc_items.cpp">
      <Filter>Source Files</Filter>
    </ClCompile>
    <ClCompile Include="..\tmc\mc_interaction_manager.cpp">
      <Filter>Source Files</Filter>
    </ClCompile>
  </ItemGroup>
  <ItemGroup>
    <ClInclude Include="..\tgl\actor.h">
      <Filter>Header Files</Filter>
    </ClInclude>
    <ClInclude Include="..\tgl\base.h">
      <Filter>Header Files</Filter>
    </ClInclude>
    <ClInclude Include="..\tgl\bounds.h">
      <Filter>Header Files</Filter>
    </ClInclude>
    <ClInclude Include="..\tgl\camera.h">
      <Filter>Header Files</Filter>
    </ClInclude>
    <ClInclude Include="..\tgl\chunk.h">
      <Filter>Header Files</Filter>
    </ClInclude>
    <ClInclude Include="..\tgl\component.h">
      <Filter>Header Files</Filter>
    </ClInclude>
    <ClInclude Include="..\tgl\game_state.h">
      <Filter>Header Files</Filter>
    </ClInclude>
    <ClInclude Include="..\tgl\hud.h">
      <Filter>Header Files</Filter>
    </ClInclude>
    <ClInclude Include="..\tgl\hud_element.h">
      <Filter>Header Files</Filter>
    </ClInclude>
    <ClInclude Include="..\tgl\input_handler.h">
      <Filter>Header Files</Filter>
    </ClInclude>
    <ClInclude Include="..\tgl\inventory.h">
      <Filter>Header Files</Filter>
    </ClInclude>
    <ClInclude Include="..\tgl\library_queue.h">
      <Filter>Header Files</Filter>
    </ClInclude>
    <ClInclude Include="..\tgl\material.h">
      <Filter>Header Files</Filter>
    </ClInclude>
    <ClInclude Include="..\tgl\mesh.h">
      <Filter>Header Files</Filter>
    </ClInclude>
    <ClInclude Include="..\tgl\mesh_vertices.h">
      <Filter>Header Files</Filter>
    </ClInclude>
    <ClInclude Include="..\tgl\physics_engine.h">
      <Filter>Header Files</Filter>
    </ClInclude>
    <ClInclude Include="..\tgl\player.h">
      <Filter>Header Files</Filter>
    </ClInclude>
    <ClInclude Include="..\tgl\ray_bounce.h">
      <Filter>Header Files</Filter>
    </ClInclude>
    <ClInclude Include="..\tgl\shader.h">
      <Filter>Header Files</Filter>
    </ClInclude>
    <ClInclude Include="..\tgl\stb_image.h">
      <Filter>Header Files</Filter>
    </ClInclude>
    <ClInclude Include="..\tgl\texture.h">
      <Filter>Header Files</Filter>
    </ClInclude>
    <ClInclude Include="..\tgl\tgl_gl.h">
      <Filter>Header Files</Filter>
    </ClInclude>
    <ClInclude Include="..\tgl\TGL_USER_CLASSES.h">
      <Filter>Header Files</Filter>
    </ClInclude>
    <ClInclude Include="..\tgl\udp_interface.h">
      <Filter>Header Files</Filter>
    </ClInclude>
    <ClInclude Include="..\tgl\useful_structures.h">
      <Filter>Header Files</Filter>
    </ClInclude>
    <ClInclude Include="..\tmc\block_generator.h">
      <Filter>Header Files</Filter>
    </ClInclude>
    <ClInclude Include="..\tmc\cellular.h">
      <Filter>Header Files</Filter>
    </ClInclude>
    <ClInclude Include="..\tmc\chunk_database.h">
      <Filter>Header Files</Filter>
    </ClInclude>
    <ClInclude Include="..\tmc\chunk_spawn.h">
      <Filter>Header Files</Filter>
    </ClInclude>
    <ClInclude Include="..\tmc\coord_types.h">
      <Filter>Header Files</Filter>
    </ClInclude>
    <ClInclude Include="..\tmc\dropped_item.h">
      <Filter>Header Files</Filter>
    </ClInclude>
    <ClInclude Include="..\tmc\generator.h">
      <Filter>Header Files</Filter>
    </ClInclude>
    <ClInclude Include="..\tmc\simplex.h">
      <Filter>Header Files</Filter>
    </ClInclude>
    <ClInclude Include="..\tmc\white_noise.h">
      <Filter>Header Files</Filter>
    </ClInclude>
    <ClInclude Include="..\FastNoiseSIMD\FastNoiseSIMD.h">
      <Filter>FastNoiseSIMD</Filter>
    </ClInclude>
    <ClInclude Include="..\FastNoiseSIMD\FastNoiseSIMD_internal.h">
      <Filter>FastNoiseSIMD</Filter>
    </ClInclude>
    <ClInclude Include="..\tmc\mc_player.h">
      <Filter>Header Files</Filter>
    </ClInclude>
    <ClInclude Include="..\tmc\mc_items.h">
      <Filter>Header Files</Filter>
    </ClInclude>
    <ClInclude Include="..\tmc\mc_interaction_manager.h">
      <Filter>Header Files</Filter>
    </ClInclude>
    <ClInclude Include="..\tgl\interaction_manager.h">
      <Filter>Header Files</Filter>
    </ClInclude>
    <ClInclude Include="..\tgl\globals.h">
      <Filter>Header Files</Filter>
    </ClInclude>
  </ItemGroup>
</Project>